
Microsoft Visual Studio Solution File, Format Version 12.00
# Visual Studio Version 16
VisualStudioVersion = 16.0.30114.105
MinimumVisualStudioVersion = 10.0.40219.1
Project("{2150E333-8FDC-42A3-9474-1A3956D46DE8}") = "src", "src", "{285355A7-DBC0-498C-8E6C-AA7207F15547}"
EndProject
Project("{2150E333-8FDC-42A3-9474-1A3956D46DE8}") = "__tests__", "__tests__", "{2D6D5228-100C-4EB8-9BDE-63DE6105C92C}"
EndProject
Project("{FAE04EC0-301F-11D3-BF4B-00C04F79EFBC}") = "WebApi.Api", "src\WebApi.Api\WebApi.Api.csproj", "{F365E7EA-A372-4AC0-8263-882141CB183E}"
EndProject
Project("{FAE04EC0-301F-11D3-BF4B-00C04F79EFBC}") = "WebApi.Business", "src\WebApi.Business\WebApi.Business.csproj", "{2B1C6F20-29C9-4E62-B3D9-0F098B0D51BB}"
EndProject
Project("{FAE04EC0-301F-11D3-BF4B-00C04F79EFBC}") = "WebApi.InfraData", "src\WebApi.InfraData\WebApi.InfraData.csproj", "{DBFD4FA0-B511-40C8-BFC0-6ED2D0035CE5}"
EndProject
Project("{FAE04EC0-301F-11D3-BF4B-00C04F79EFBC}") = "WebApi.IoC", "src\WebApi.IoC\WebApi.IoC.csproj", "{9781A08C-3AD5-4B91-80CC-80FD5CCE46C7}"
EndProject
Project("{FAE04EC0-301F-11D3-BF4B-00C04F79EFBC}") = "WebApi.Shared", "src\WebApi.Shared\WebApi.Shared.csproj", "{3378DAF0-95D4-4861-BE40-99D0358C0971}"
EndProject
Project("{FAE04EC0-301F-11D3-BF4B-00C04F79EFBC}") = "WebApi.WarmUp", "src\WebApi.WarmUp\WebApi.WarmUp.csproj", "{12445EBD-B43A-481A-8BF0-9B3B92288AAF}"
EndProject
Project("{FAE04EC0-301F-11D3-BF4B-00C04F79EFBC}") = "WebApi.Api.Tests", "__tests__\WebApi.Api.Tests\WebApi.Api.Tests.csproj", "{BE37901B-5258-4216-83F1-0A1F74D9723A}"
EndProject
Project("{FAE04EC0-301F-11D3-BF4B-00C04F79EFBC}") = "WebApi.Business.Tests", "__tests__\WebApi.Business.Tests\WebApi.Business.Tests.csproj", "{916EEC3D-E4E6-442A-AB43-18A711530859}"
EndProject
Project("{FAE04EC0-301F-11D3-BF4B-00C04F79EFBC}") = "WebApi.InfraData.Tests", "__tests__\WebApi.InfraData.Tests\WebApi.InfraData.Tests.csproj", "{213E0D9A-0E97-41F6-8F49-F4CAFB508BB7}"
EndProject
Project("{FAE04EC0-301F-11D3-BF4B-00C04F79EFBC}") = "WebApi.IntegrationTest", "__tests__\WebApi.IntegrationTest\WebApi.IntegrationTest.csproj", "{0D51FBC1-201F-48E7-A081-053DC34470ED}"
EndProject
Project("{FAE04EC0-301F-11D3-BF4B-00C04F79EFBC}") = "WebApi.Shared.Tests", "__tests__\WebApi.Shared.Tests\WebApi.Shared.Tests.csproj", "{C1DB3C6F-3E31-4CE8-959A-BE6DABD7C33F}"
EndProject
Global
	GlobalSection(SolutionConfigurationPlatforms) = preSolution
		Debug|Any CPU = Debug|Any CPU
		Debug|x64 = Debug|x64
		Debug|x86 = Debug|x86
		Release|Any CPU = Release|Any CPU
		Release|x64 = Release|x64
		Release|x86 = Release|x86
	EndGlobalSection
	GlobalSection(SolutionProperties) = preSolution
		HideSolutionNode = FALSE
	EndGlobalSection
	GlobalSection(ProjectConfigurationPlatforms) = postSolution
		{F365E7EA-A372-4AC0-8263-882141CB183E}.Debug|Any CPU.ActiveCfg = Debug|Any CPU
		{F365E7EA-A372-4AC0-8263-882141CB183E}.Debug|Any CPU.Build.0 = Debug|Any CPU
		{F365E7EA-A372-4AC0-8263-882141CB183E}.Debug|x64.ActiveCfg = Debug|Any CPU
		{F365E7EA-A372-4AC0-8263-882141CB183E}.Debug|x64.Build.0 = Debug|Any CPU
		{F365E7EA-A372-4AC0-8263-882141CB183E}.Debug|x86.ActiveCfg = Debug|Any CPU
		{F365E7EA-A372-4AC0-8263-882141CB183E}.Debug|x86.Build.0 = Debug|Any CPU
		{F365E7EA-A372-4AC0-8263-882141CB183E}.Release|Any CPU.ActiveCfg = Release|Any CPU
		{F365E7EA-A372-4AC0-8263-882141CB183E}.Release|Any CPU.Build.0 = Release|Any CPU
		{F365E7EA-A372-4AC0-8263-882141CB183E}.Release|x64.ActiveCfg = Release|Any CPU
		{F365E7EA-A372-4AC0-8263-882141CB183E}.Release|x64.Build.0 = Release|Any CPU
		{F365E7EA-A372-4AC0-8263-882141CB183E}.Release|x86.ActiveCfg = Release|Any CPU
		{F365E7EA-A372-4AC0-8263-882141CB183E}.Release|x86.Build.0 = Release|Any CPU
		{BE37901B-5258-4216-83F1-0A1F74D9723A}.Debug|Any CPU.ActiveCfg = Debug|Any CPU
		{BE37901B-5258-4216-83F1-0A1F74D9723A}.Debug|Any CPU.Build.0 = Debug|Any CPU
		{BE37901B-5258-4216-83F1-0A1F74D9723A}.Debug|x64.ActiveCfg = Debug|Any CPU
		{BE37901B-5258-4216-83F1-0A1F74D9723A}.Debug|x64.Build.0 = Debug|Any CPU
		{BE37901B-5258-4216-83F1-0A1F74D9723A}.Debug|x86.ActiveCfg = Debug|Any CPU
		{BE37901B-5258-4216-83F1-0A1F74D9723A}.Debug|x86.Build.0 = Debug|Any CPU
		{BE37901B-5258-4216-83F1-0A1F74D9723A}.Release|Any CPU.ActiveCfg = Release|Any CPU
		{BE37901B-5258-4216-83F1-0A1F74D9723A}.Release|Any CPU.Build.0 = Release|Any CPU
		{BE37901B-5258-4216-83F1-0A1F74D9723A}.Release|x64.ActiveCfg = Release|Any CPU
		{BE37901B-5258-4216-83F1-0A1F74D9723A}.Release|x64.Build.0 = Release|Any CPU
		{BE37901B-5258-4216-83F1-0A1F74D9723A}.Release|x86.ActiveCfg = Release|Any CPU
		{BE37901B-5258-4216-83F1-0A1F74D9723A}.Release|x86.Build.0 = Release|Any CPU
		{2B1C6F20-29C9-4E62-B3D9-0F098B0D51BB}.Debug|Any CPU.ActiveCfg = Debug|Any CPU
		{2B1C6F20-29C9-4E62-B3D9-0F098B0D51BB}.Debug|Any CPU.Build.0 = Debug|Any CPU
		{2B1C6F20-29C9-4E62-B3D9-0F098B0D51BB}.Debug|x64.ActiveCfg = Debug|Any CPU
		{2B1C6F20-29C9-4E62-B3D9-0F098B0D51BB}.Debug|x64.Build.0 = Debug|Any CPU
		{2B1C6F20-29C9-4E62-B3D9-0F098B0D51BB}.Debug|x86.ActiveCfg = Debug|Any CPU
		{2B1C6F20-29C9-4E62-B3D9-0F098B0D51BB}.Debug|x86.Build.0 = Debug|Any CPU
		{2B1C6F20-29C9-4E62-B3D9-0F098B0D51BB}.Release|Any CPU.ActiveCfg = Release|Any CPU
		{2B1C6F20-29C9-4E62-B3D9-0F098B0D51BB}.Release|Any CPU.Build.0 = Release|Any CPU
		{2B1C6F20-29C9-4E62-B3D9-0F098B0D51BB}.Release|x64.ActiveCfg = Release|Any CPU
		{2B1C6F20-29C9-4E62-B3D9-0F098B0D51BB}.Release|x64.Build.0 = Release|Any CPU
		{2B1C6F20-29C9-4E62-B3D9-0F098B0D51BB}.Release|x86.ActiveCfg = Release|Any CPU
		{2B1C6F20-29C9-4E62-B3D9-0F098B0D51BB}.Release|x86.Build.0 = Release|Any CPU
		{916EEC3D-E4E6-442A-AB43-18A711530859}.Debug|Any CPU.ActiveCfg = Debug|Any CPU
		{916EEC3D-E4E6-442A-AB43-18A711530859}.Debug|Any CPU.Build.0 = Debug|Any CPU
		{916EEC3D-E4E6-442A-AB43-18A711530859}.Debug|x64.ActiveCfg = Debug|Any CPU
		{916EEC3D-E4E6-442A-AB43-18A711530859}.Debug|x64.Build.0 = Debug|Any CPU
		{916EEC3D-E4E6-442A-AB43-18A711530859}.Debug|x86.ActiveCfg = Debug|Any CPU
		{916EEC3D-E4E6-442A-AB43-18A711530859}.Debug|x86.Build.0 = Debug|Any CPU
		{916EEC3D-E4E6-442A-AB43-18A711530859}.Release|Any CPU.ActiveCfg = Release|Any CPU
		{916EEC3D-E4E6-442A-AB43-18A711530859}.Release|Any CPU.Build.0 = Release|Any CPU
		{916EEC3D-E4E6-442A-AB43-18A711530859}.Release|x64.ActiveCfg = Release|Any CPU
		{916EEC3D-E4E6-442A-AB43-18A711530859}.Release|x64.Build.0 = Release|Any CPU
		{916EEC3D-E4E6-442A-AB43-18A711530859}.Release|x86.ActiveCfg = Release|Any CPU
		{916EEC3D-E4E6-442A-AB43-18A711530859}.Release|x86.Build.0 = Release|Any CPU
		{DBFD4FA0-B511-40C8-BFC0-6ED2D0035CE5}.Debug|Any CPU.ActiveCfg = Debug|Any CPU
		{DBFD4FA0-B511-40C8-BFC0-6ED2D0035CE5}.Debug|Any CPU.Build.0 = Debug|Any CPU
		{DBFD4FA0-B511-40C8-BFC0-6ED2D0035CE5}.Debug|x64.ActiveCfg = Debug|Any CPU
		{DBFD4FA0-B511-40C8-BFC0-6ED2D0035CE5}.Debug|x64.Build.0 = Debug|Any CPU
		{DBFD4FA0-B511-40C8-BFC0-6ED2D0035CE5}.Debug|x86.ActiveCfg = Debug|Any CPU
		{DBFD4FA0-B511-40C8-BFC0-6ED2D0035CE5}.Debug|x86.Build.0 = Debug|Any CPU
		{DBFD4FA0-B511-40C8-BFC0-6ED2D0035CE5}.Release|Any CPU.ActiveCfg = Release|Any CPU
		{DBFD4FA0-B511-40C8-BFC0-6ED2D0035CE5}.Release|Any CPU.Build.0 = Release|Any CPU
		{DBFD4FA0-B511-40C8-BFC0-6ED2D0035CE5}.Release|x64.ActiveCfg = Release|Any CPU
		{DBFD4FA0-B511-40C8-BFC0-6ED2D0035CE5}.Release|x64.Build.0 = Release|Any CPU
		{DBFD4FA0-B511-40C8-BFC0-6ED2D0035CE5}.Release|x86.ActiveCfg = Release|Any CPU
		{DBFD4FA0-B511-40C8-BFC0-6ED2D0035CE5}.Release|x86.Build.0 = Release|Any CPU
		{9781A08C-3AD5-4B91-80CC-80FD5CCE46C7}.Debug|Any CPU.ActiveCfg = Debug|Any CPU
		{9781A08C-3AD5-4B91-80CC-80FD5CCE46C7}.Debug|Any CPU.Build.0 = Debug|Any CPU
		{9781A08C-3AD5-4B91-80CC-80FD5CCE46C7}.Debug|x64.ActiveCfg = Debug|Any CPU
		{9781A08C-3AD5-4B91-80CC-80FD5CCE46C7}.Debug|x64.Build.0 = Debug|Any CPU
		{9781A08C-3AD5-4B91-80CC-80FD5CCE46C7}.Debug|x86.ActiveCfg = Debug|Any CPU
		{9781A08C-3AD5-4B91-80CC-80FD5CCE46C7}.Debug|x86.Build.0 = Debug|Any CPU
		{9781A08C-3AD5-4B91-80CC-80FD5CCE46C7}.Release|Any CPU.ActiveCfg = Release|Any CPU
		{9781A08C-3AD5-4B91-80CC-80FD5CCE46C7}.Release|Any CPU.Build.0 = Release|Any CPU
		{9781A08C-3AD5-4B91-80CC-80FD5CCE46C7}.Release|x64.ActiveCfg = Release|Any CPU
		{9781A08C-3AD5-4B91-80CC-80FD5CCE46C7}.Release|x64.Build.0 = Release|Any CPU
		{9781A08C-3AD5-4B91-80CC-80FD5CCE46C7}.Release|x86.ActiveCfg = Release|Any CPU
		{9781A08C-3AD5-4B91-80CC-80FD5CCE46C7}.Release|x86.Build.0 = Release|Any CPU
		{3378DAF0-95D4-4861-BE40-99D0358C0971}.Debug|Any CPU.ActiveCfg = Debug|Any CPU
		{3378DAF0-95D4-4861-BE40-99D0358C0971}.Debug|Any CPU.Build.0 = Debug|Any CPU
		{3378DAF0-95D4-4861-BE40-99D0358C0971}.Debug|x64.ActiveCfg = Debug|Any CPU
		{3378DAF0-95D4-4861-BE40-99D0358C0971}.Debug|x64.Build.0 = Debug|Any CPU
		{3378DAF0-95D4-4861-BE40-99D0358C0971}.Debug|x86.ActiveCfg = Debug|Any CPU
		{3378DAF0-95D4-4861-BE40-99D0358C0971}.Debug|x86.Build.0 = Debug|Any CPU
		{3378DAF0-95D4-4861-BE40-99D0358C0971}.Release|Any CPU.ActiveCfg = Release|Any CPU
		{3378DAF0-95D4-4861-BE40-99D0358C0971}.Release|Any CPU.Build.0 = Release|Any CPU
		{3378DAF0-95D4-4861-BE40-99D0358C0971}.Release|x64.ActiveCfg = Release|Any CPU
		{3378DAF0-95D4-4861-BE40-99D0358C0971}.Release|x64.Build.0 = Release|Any CPU
		{3378DAF0-95D4-4861-BE40-99D0358C0971}.Release|x86.ActiveCfg = Release|Any CPU
		{3378DAF0-95D4-4861-BE40-99D0358C0971}.Release|x86.Build.0 = Release|Any CPU
		{12445EBD-B43A-481A-8BF0-9B3B92288AAF}.Debug|Any CPU.ActiveCfg = Debug|Any CPU
		{12445EBD-B43A-481A-8BF0-9B3B92288AAF}.Debug|Any CPU.Build.0 = Debug|Any CPU
		{12445EBD-B43A-481A-8BF0-9B3B92288AAF}.Debug|x64.ActiveCfg = Debug|Any CPU
		{12445EBD-B43A-481A-8BF0-9B3B92288AAF}.Debug|x64.Build.0 = Debug|Any CPU
		{12445EBD-B43A-481A-8BF0-9B3B92288AAF}.Debug|x86.ActiveCfg = Debug|Any CPU
		{12445EBD-B43A-481A-8BF0-9B3B92288AAF}.Debug|x86.Build.0 = Debug|Any CPU
		{12445EBD-B43A-481A-8BF0-9B3B92288AAF}.Release|Any CPU.ActiveCfg = Release|Any CPU
		{12445EBD-B43A-481A-8BF0-9B3B92288AAF}.Release|Any CPU.Build.0 = Release|Any CPU
		{12445EBD-B43A-481A-8BF0-9B3B92288AAF}.Release|x64.ActiveCfg = Release|Any CPU
		{12445EBD-B43A-481A-8BF0-9B3B92288AAF}.Release|x64.Build.0 = Release|Any CPU
		{12445EBD-B43A-481A-8BF0-9B3B92288AAF}.Release|x86.ActiveCfg = Release|Any CPU
		{12445EBD-B43A-481A-8BF0-9B3B92288AAF}.Release|x86.Build.0 = Release|Any CPU
		{213E0D9A-0E97-41F6-8F49-F4CAFB508BB7}.Debug|Any CPU.ActiveCfg = Debug|Any CPU
		{213E0D9A-0E97-41F6-8F49-F4CAFB508BB7}.Debug|Any CPU.Build.0 = Debug|Any CPU
		{213E0D9A-0E97-41F6-8F49-F4CAFB508BB7}.Debug|x64.ActiveCfg = Debug|Any CPU
		{213E0D9A-0E97-41F6-8F49-F4CAFB508BB7}.Debug|x64.Build.0 = Debug|Any CPU
		{213E0D9A-0E97-41F6-8F49-F4CAFB508BB7}.Debug|x86.ActiveCfg = Debug|Any CPU
		{213E0D9A-0E97-41F6-8F49-F4CAFB508BB7}.Debug|x86.Build.0 = Debug|Any CPU
		{213E0D9A-0E97-41F6-8F49-F4CAFB508BB7}.Release|Any CPU.ActiveCfg = Release|Any CPU
		{213E0D9A-0E97-41F6-8F49-F4CAFB508BB7}.Release|Any CPU.Build.0 = Release|Any CPU
		{213E0D9A-0E97-41F6-8F49-F4CAFB508BB7}.Release|x64.ActiveCfg = Release|Any CPU
		{213E0D9A-0E97-41F6-8F49-F4CAFB508BB7}.Release|x64.Build.0 = Release|Any CPU
		{213E0D9A-0E97-41F6-8F49-F4CAFB508BB7}.Release|x86.ActiveCfg = Release|Any CPU
		{213E0D9A-0E97-41F6-8F49-F4CAFB508BB7}.Release|x86.Build.0 = Release|Any CPU
		{0D51FBC1-201F-48E7-A081-053DC34470ED}.Debug|Any CPU.ActiveCfg = Debug|Any CPU
		{0D51FBC1-201F-48E7-A081-053DC34470ED}.Debug|Any CPU.Build.0 = Debug|Any CPU
		{0D51FBC1-201F-48E7-A081-053DC34470ED}.Debug|x64.ActiveCfg = Debug|Any CPU
		{0D51FBC1-201F-48E7-A081-053DC34470ED}.Debug|x64.Build.0 = Debug|Any CPU
		{0D51FBC1-201F-48E7-A081-053DC34470ED}.Debug|x86.ActiveCfg = Debug|Any CPU
		{0D51FBC1-201F-48E7-A081-053DC34470ED}.Debug|x86.Build.0 = Debug|Any CPU
		{0D51FBC1-201F-48E7-A081-053DC34470ED}.Release|Any CPU.ActiveCfg = Release|Any CPU
		{0D51FBC1-201F-48E7-A081-053DC34470ED}.Release|Any CPU.Build.0 = Release|Any CPU
		{0D51FBC1-201F-48E7-A081-053DC34470ED}.Release|x64.ActiveCfg = Release|Any CPU
		{0D51FBC1-201F-48E7-A081-053DC34470ED}.Release|x64.Build.0 = Release|Any CPU
		{0D51FBC1-201F-48E7-A081-053DC34470ED}.Release|x86.ActiveCfg = Release|Any CPU
		{0D51FBC1-201F-48E7-A081-053DC34470ED}.Release|x86.Build.0 = Release|Any CPU
		{C1DB3C6F-3E31-4CE8-959A-BE6DABD7C33F}.Debug|Any CPU.ActiveCfg = Debug|Any CPU
		{C1DB3C6F-3E31-4CE8-959A-BE6DABD7C33F}.Debug|Any CPU.Build.0 = Debug|Any CPU
		{C1DB3C6F-3E31-4CE8-959A-BE6DABD7C33F}.Debug|x64.ActiveCfg = Debug|Any CPU
		{C1DB3C6F-3E31-4CE8-959A-BE6DABD7C33F}.Debug|x64.Build.0 = Debug|Any CPU
		{C1DB3C6F-3E31-4CE8-959A-BE6DABD7C33F}.Debug|x86.ActiveCfg = Debug|Any CPU
		{C1DB3C6F-3E31-4CE8-959A-BE6DABD7C33F}.Debug|x86.Build.0 = Debug|Any CPU
		{C1DB3C6F-3E31-4CE8-959A-BE6DABD7C33F}.Release|Any CPU.ActiveCfg = Release|Any CPU
		{C1DB3C6F-3E31-4CE8-959A-BE6DABD7C33F}.Release|Any CPU.Build.0 = Release|Any CPU
		{C1DB3C6F-3E31-4CE8-959A-BE6DABD7C33F}.Release|x64.ActiveCfg = Release|Any CPU
		{C1DB3C6F-3E31-4CE8-959A-BE6DABD7C33F}.Release|x64.Build.0 = Release|Any CPU
		{C1DB3C6F-3E31-4CE8-959A-BE6DABD7C33F}.Release|x86.ActiveCfg = Release|Any CPU
		{C1DB3C6F-3E31-4CE8-959A-BE6DABD7C33F}.Release|x86.Build.0 = Release|Any CPU
	EndGlobalSection
	GlobalSection(NestedProjects) = preSolution
		{F365E7EA-A372-4AC0-8263-882141CB183E} = {285355A7-DBC0-498C-8E6C-AA7207F15547}
		{BE37901B-5258-4216-83F1-0A1F74D9723A} = {2D6D5228-100C-4EB8-9BDE-63DE6105C92C}
		{2B1C6F20-29C9-4E62-B3D9-0F098B0D51BB} = {285355A7-DBC0-498C-8E6C-AA7207F15547}
		{916EEC3D-E4E6-442A-AB43-18A711530859} = {2D6D5228-100C-4EB8-9BDE-63DE6105C92C}
		{DBFD4FA0-B511-40C8-BFC0-6ED2D0035CE5} = {285355A7-DBC0-498C-8E6C-AA7207F15547}
		{9781A08C-3AD5-4B91-80CC-80FD5CCE46C7} = {285355A7-DBC0-498C-8E6C-AA7207F15547}
		{3378DAF0-95D4-4861-BE40-99D0358C0971} = {285355A7-DBC0-498C-8E6C-AA7207F15547}
		{12445EBD-B43A-481A-8BF0-9B3B92288AAF} = {285355A7-DBC0-498C-8E6C-AA7207F15547}
		{213E0D9A-0E97-41F6-8F49-F4CAFB508BB7} = {2D6D5228-100C-4EB8-9BDE-63DE6105C92C}
		{0D51FBC1-201F-48E7-A081-053DC34470ED} = {2D6D5228-100C-4EB8-9BDE-63DE6105C92C}
		{C1DB3C6F-3E31-4CE8-959A-BE6DABD7C33F} = {2D6D5228-100C-4EB8-9BDE-63DE6105C92C}
	EndGlobalSection
EndGlobal
